PODS:
  - blaze_sdk_flutter (0.0.1):
    - BlazeSDK (= 0.7.0)
    - Flutter
  - BlazeSDK (0.7.0)
  - Flutter (1.0.0)
  - integration_test (0.0.1):
    - Flutter

DEPENDENCIES:
  - blaze_sdk_flutter (from `.symlinks/plugins/blaze_sdk_flutter/ios`)
  - Flutter (from `Flutter`)
  - integration_test (from `.symlinks/plugins/integration_test/ios`)

SPEC REPOS:
  trunk:
    - BlazeSDK

EXTERNAL SOURCES:
  blaze_sdk_flutter:
    :path: ".symlinks/plugins/blaze_sdk_flutter/ios"
  Flutter:
    :path: Flutter
  integration_test:
    :path: ".symlinks/plugins/integration_test/ios"

SPEC CHECKSUMS:
  blaze_sdk_flutter: 8fdf45dbfe3bd06e1e501d0d044d584e3ffec08e
  BlazeSDK: 20bab8fb05ab0f5078876bcde0c2285df1a79bac
  Flutter: cabc95a1d2626b1b06e7179b784ebcf0c0cde467
  integration_test: 4a889634ef21a45d28d50d622cf412dc6d9f586e

PODFILE CHECKSUM: 819463e6a0290f5a72f145ba7cde16e8b6ef0796

COCOAPODS: 1.16.2
