PODS:
  - blaze_sdk_flutter (0.0.1):
    - BlazeSDK (= 0.5.0)
    - Flutter
  - BlazeSDK (0.5.0)
  - Flutter (1.0.0)
  - integration_test (0.0.1):
    - Flutter

DEPENDENCIES:
  - blaze_sdk_flutter (from `.symlinks/plugins/blaze_sdk_flutter/ios`)
  - Flutter (from `Flutter`)
  - integration_test (from `.symlinks/plugins/integration_test/ios`)

SPEC REPOS:
  trunk:
    - BlazeSDK

EXTERNAL SOURCES:
  blaze_sdk_flutter:
    :path: ".symlinks/plugins/blaze_sdk_flutter/ios"
  Flutter:
    :path: Flutter
  integration_test:
    :path: ".symlinks/plugins/integration_test/ios"

SPEC CHECKSUMS:
  blaze_sdk_flutter: f86a2e27d9e77ad89dda968cfdd148dd3427f721
  BlazeSDK: 36bac8dffec2c17767ae2b5215eec1cd8a56facc
  Flutter: e0871f40cf51350855a761d2e70bf5af5b9b5de7
  integration_test: 4a889634ef21a45d28d50d622cf412dc6d9f586e

PODFILE CHECKSUM: 819463e6a0290f5a72f145ba7cde16e8b6ef0796

COCOAPODS: 1.16.2
