PODS:
  - blaze_sdk_flutter (0.0.1):
    - BlazeSDK (= 0.6.0)
    - Flutter
  - BlazeSDK (0.6.0)
  - Flutter (1.0.0)
  - integration_test (0.0.1):
    - Flutter

DEPENDENCIES:
  - blaze_sdk_flutter (from `.symlinks/plugins/blaze_sdk_flutter/ios`)
  - Flutter (from `Flutter`)
  - integration_test (from `.symlinks/plugins/integration_test/ios`)

SPEC REPOS:
  trunk:
    - BlazeSDK

EXTERNAL SOURCES:
  blaze_sdk_flutter:
    :path: ".symlinks/plugins/blaze_sdk_flutter/ios"
  Flutter:
    :path: Flutter
  integration_test:
    :path: ".symlinks/plugins/integration_test/ios"

SPEC CHECKSUMS:
  blaze_sdk_flutter: da9f2ce0437bdfea0fe9d65d87c2b681be499a68
  BlazeSDK: 479b4b15f212fe330698bb9497c027660c7f2edd
  Flutter: e0871f40cf51350855a761d2e70bf5af5b9b5de7
  integration_test: 4a889634ef21a45d28d50d622cf412dc6d9f586e

PODFILE CHECKSUM: 819463e6a0290f5a72f145ba7cde16e8b6ef0796

COCOAPODS: 1.16.2
